
Microsoft Visual Studio Solution File, Format Version 12.00
# Visual Studio Version 16
VisualStudioVersion = 16.0.31005.135
MinimumVisualStudioVersion = 10.0.40219.1
Project("{FAE04EC0-301F-11D3-BF4B-00C04F79EFBC}") = "CompositePattern", "CompositePattern.csproj", "{044ABFC8-9B5B-432C-B064-4784211F6927}"
EndProject
Global
	GlobalSection(SolutionConfigurationPlatforms) = preSolution
		Debug|Any CPU = Debug|Any CPU
		Release|Any CPU = Release|Any CPU
	EndGlobalSection
	GlobalSection(ProjectConfigurationPlatforms) = postSolution
		{044ABFC8-9B5B-432C-B064-4784211F6927}.Debug|Any CPU.ActiveCfg = Debug|Any CPU
		{044ABFC8-9B5B-432C-B064-4784211F6927}.Debug|Any CPU.Build.0 = Debug|Any CPU
		{044ABFC8-9B5B-432C-B064-4784211F6927}.Release|Any CPU.ActiveCfg = Release|Any CPU
		{044ABFC8-9B5B-432C-B064-4784211F6927}.Release|Any CPU.Build.0 = Release|Any CPU
	EndGlobalSection
	GlobalSection(SolutionProperties) = preSolution
		HideSolutionNode = FALSE
	EndGlobalSection
	GlobalSection(ExtensibilityGlobals) = postSolution
		SolutionGuid = {5314565F-EB34-4A01-9010-9CB31936924D}
	EndGlobalSection
EndGlobal
