
Microsoft Visual Studio Solution File, Format Version 12.00
# Visual Studio Version 16
VisualStudioVersion = 16.0.31005.135
MinimumVisualStudioVersion = 10.0.40219.1
Project("{FAE04EC0-301F-11D3-BF4B-00C04F79EFBC}") = "ChainOfResponsibilityPattern", "ChainOfResponsibilityPattern.csproj", "{EEC2C09C-19F2-4843-9535-36DBC48D2420}"
EndProject
Global
	GlobalSection(SolutionConfigurationPlatforms) = preSolution
		Debug|Any CPU = Debug|Any CPU
		Release|Any CPU = Release|Any CPU
	EndGlobalSection
	GlobalSection(ProjectConfigurationPlatforms) = postSolution
		{EEC2C09C-19F2-4843-9535-36DBC48D2420}.Debug|Any CPU.ActiveCfg = Debug|Any CPU
		{EEC2C09C-19F2-4843-9535-36DBC48D2420}.Debug|Any CPU.Build.0 = Debug|Any CPU
		{EEC2C09C-19F2-4843-9535-36DBC48D2420}.Release|Any CPU.ActiveCfg = Release|Any CPU
		{EEC2C09C-19F2-4843-9535-36DBC48D2420}.Release|Any CPU.Build.0 = Release|Any CPU
	EndGlobalSection
	GlobalSection(SolutionProperties) = preSolution
		HideSolutionNode = FALSE
	EndGlobalSection
	GlobalSection(ExtensibilityGlobals) = postSolution
		SolutionGuid = {6F85C8DD-04CE-4109-A691-343CE1BA3DD2}
	EndGlobalSection
EndGlobal
