
Microsoft Visual Studio Solution File, Format Version 12.00
# Visual Studio Version 16
VisualStudioVersion = 16.0.31005.135
MinimumVisualStudioVersion = 10.0.40219.1
Project("{FAE04EC0-301F-11D3-BF4B-00C04F79EFBC}") = "ObserverPattern", "ObserverPattern.csproj", "{7CCBD1F7-755B-4852-A29B-32220B62563E}"
EndProject
Global
	GlobalSection(SolutionConfigurationPlatforms) = preSolution
		Debug|Any CPU = Debug|Any CPU
		Release|Any CPU = Release|Any CPU
	EndGlobalSection
	GlobalSection(ProjectConfigurationPlatforms) = postSolution
		{7CCBD1F7-755B-4852-A29B-32220B62563E}.Debug|Any CPU.ActiveCfg = Debug|Any CPU
		{7CCBD1F7-755B-4852-A29B-32220B62563E}.Debug|Any CPU.Build.0 = Debug|Any CPU
		{7CCBD1F7-755B-4852-A29B-32220B62563E}.Release|Any CPU.ActiveCfg = Release|Any CPU
		{7CCBD1F7-755B-4852-A29B-32220B62563E}.Release|Any CPU.Build.0 = Release|Any CPU
	EndGlobalSection
	GlobalSection(SolutionProperties) = preSolution
		HideSolutionNode = FALSE
	EndGlobalSection
	GlobalSection(ExtensibilityGlobals) = postSolution
		SolutionGuid = {0CF493AF-5898-481D-B2B8-B12C559C1FFF}
	EndGlobalSection
EndGlobal
