
Microsoft Visual Studio Solution File, Format Version 12.00
# Visual Studio Version 16
VisualStudioVersion = 16.0.31005.135
MinimumVisualStudioVersion = 10.0.40219.1
Project("{FAE04EC0-301F-11D3-BF4B-00C04F79EFBC}") = "MediatorPattern", "MediatorPattern.csproj", "{7A15E769-B89F-45A1-9F16-ADAF3325469E}"
EndProject
Global
	GlobalSection(SolutionConfigurationPlatforms) = preSolution
		Debug|Any CPU = Debug|Any CPU
		Release|Any CPU = Release|Any CPU
	EndGlobalSection
	GlobalSection(ProjectConfigurationPlatforms) = postSolution
		{7A15E769-B89F-45A1-9F16-ADAF3325469E}.Debug|Any CPU.ActiveCfg = Debug|Any CPU
		{7A15E769-B89F-45A1-9F16-ADAF3325469E}.Debug|Any CPU.Build.0 = Debug|Any CPU
		{7A15E769-B89F-45A1-9F16-ADAF3325469E}.Release|Any CPU.ActiveCfg = Release|Any CPU
		{7A15E769-B89F-45A1-9F16-ADAF3325469E}.Release|Any CPU.Build.0 = Release|Any CPU
	EndGlobalSection
	GlobalSection(SolutionProperties) = preSolution
		HideSolutionNode = FALSE
	EndGlobalSection
	GlobalSection(ExtensibilityGlobals) = postSolution
		SolutionGuid = {0164790C-BDD8-4887-8F0E-5016EDCC27CF}
	EndGlobalSection
EndGlobal
